
Microsoft Visual Studio Solution File, Format Version 12.00
# Visual Studio 15
VisualStudioVersion = 15.0.27703.2035
MinimumVisualStudioVersion = 10.0.40219.1
Project("{FAE04EC0-301F-11D3-BF4B-00C04F79EFBC}") = "Backup_files", "Backup_files\Backup_files.csproj", "{346B3BF6-0112-4999-93B1-88D7C5EC792E}"
EndProject
Global
	GlobalSection(SolutionConfigurationPlatforms) = preSolution
		Debug|Any CPU = Debug|Any CPU
		Release|Any CPU = Release|Any CPU
	EndGlobalSection
	GlobalSection(ProjectConfigurationPlatforms) = postSolution
		{346B3BF6-0112-4999-93B1-88D7C5EC792E}.Debug|Any CPU.ActiveCfg = Debug|Any CPU
		{346B3BF6-0112-4999-93B1-88D7C5EC792E}.Debug|Any CPU.Build.0 = Debug|Any CPU
		{346B3BF6-0112-4999-93B1-88D7C5EC792E}.Release|Any CPU.ActiveCfg = Release|Any CPU
		{346B3BF6-0112-4999-93B1-88D7C5EC792E}.Release|Any CPU.Build.0 = Release|Any CPU
	EndGlobalSection
	GlobalSection(SolutionProperties) = preSolution
		HideSolutionNode = FALSE
	EndGlobalSection
	GlobalSection(ExtensibilityGlobals) = postSolution
		SolutionGuid = {F0840A3D-45BE-4CEA-824F-E3017E473485}
	EndGlobalSection
EndGlobal
